<?xml version="1.0" encoding="utf-8"?>
<Project ToolsVersion="4.0" xmlns="http://schemas.microsoft.com/developer/msbuild/2003">
  <ItemGroup>
    <Filter Include="Core">
      <UniqueIdentifier>{4FC737F1-C7A5-4376-A066-2A32D752A2FF}</UniqueIdentifier>
    </Filter>
    <Filter Include="DMA">
      <UniqueIdentifier>{93995380-89BD-4b04-88EB-625FBE52EBFB}</UniqueIdentifier>
    </Filter>
    <Filter Include="Dumper">
      <UniqueIdentifier>{D1A2B3C4-E5F6-7890-ABCD-EF1234567890}</UniqueIdentifier>
    </Filter>
    <Filter Include="Functions">
      <UniqueIdentifier>{67DA6AB6-F800-4c08-8B7A-83BB121AAD01}</UniqueIdentifier>
    </Filter>
    <Filter Include="Hardware">
      <UniqueIdentifier>{E8A3B0F2-1234-5678-9ABC-DEF012345678}</UniqueIdentifier>
    </Filter>
    <Filter Include="Input">
      <UniqueIdentifier>{F9B4C1E3-2345-6789-ABCD-EF0123456789}</UniqueIdentifier>
    </Filter>
    <Filter Include="Interface">
      <UniqueIdentifier>{A1C2D3E4-3456-789A-BCDE-F01234567890}</UniqueIdentifier>
    </Filter>
    <Filter Include="ThirdParty">
      <UniqueIdentifier>{B2D3E4F5-4567-89AB-CDEF-012345678901}</UniqueIdentifier>
    </Filter>
    <Filter Include="ThirdParty\ImGui">
      <UniqueIdentifier>{C3E4F5A6-5678-9ABC-DEF0-123456789012}</UniqueIdentifier>
    </Filter>
  </ItemGroup>
  <ItemGroup>
    <ClCompile Include="Project.cpp">
      <Filter>Core</Filter>
    </ClCompile>
    <ClCompile Include="DMA\Memory.cpp">
      <Filter>DMA</Filter>
    </ClCompile>
    <ClCompile Include="Dumper\Dumper.cpp">
      <Filter>Dumper</Filter>
    </ClCompile>
    <ClCompile Include="Dumper\DumperPaths.cpp">
      <Filter>Dumper</Filter>
    </ClCompile>
    <ClCompile Include="Dumper\DumperState.cpp">
      <Filter>Dumper</Filter>
    </ClCompile>
    <ClCompile Include="Dumper\DumperWorker.cpp">
      <Filter>Dumper</Filter>
    </ClCompile>
    <ClCompile Include="Dumper\FNameDiscovery.cpp">
      <Filter>Dumper</Filter>
    </ClCompile>
    <ClCompile Include="Dumper\GlobalDiscovery.cpp">
      <Filter>Dumper</Filter>
    </ClCompile>
    <ClCompile Include="Dumper\ModuleImageCache.cpp">
      <Filter>Dumper</Filter>
    </ClCompile>
    <ClCompile Include="Dumper\SdkDumper.cpp">
      <Filter>Dumper</Filter>
    </ClCompile>
    <ClCompile Include="Dumper\SigScanner.cpp">
      <Filter>Dumper</Filter>
    </ClCompile>
    <ClCompile Include="Functions\EntityList.cpp">
      <Filter>Functions</Filter>
    </ClCompile>
    <ClCompile Include="Functions\Esp.cpp">
      <Filter>Functions</Filter>
    </ClCompile>
    <ClCompile Include="Functions\ContainerList.cpp">
      <Filter>Functions</Filter>
    </ClCompile>
    <ClCompile Include="Functions\ItemList.cpp">
      <Filter>Functions</Filter>
    </ClCompile>
    <ClCompile Include="Functions\WorldScanCommon.cpp">
      <Filter>Functions</Filter>
    </ClCompile>
    <ClCompile Include="Functions\RobotList.cpp">
      <Filter>Functions</Filter>
    </ClCompile>
    <ClCompile Include="Functions\Update.cpp">
      <Filter>Functions</Filter>
    </ClCompile>
    <ClCompile Include="Functions\Utils.cpp">
      <Filter>Functions</Filter>
    </ClCompile>
    <ClCompile Include="Functions\World.cpp">
      <Filter>Functions</Filter>
    </ClCompile>
    <ClCompile Include="Hardware\KmBox.cpp">
      <Filter>Hardware</Filter>
    </ClCompile>
    <ClCompile Include="Hardware\KmBoxNet.cpp">
      <Filter>Hardware</Filter>
    </ClCompile>
    <ClCompile Include="Hardware\Makcu\MyMakcu.cpp">
      <Filter>Hardware</Filter>
    </ClCompile>
    <ClCompile Include="Hardware\Makcu\makcu_vendor\makcu.cpp">
      <Filter>Hardware</Filter>
    </ClCompile>
    <ClCompile Include="Hardware\Makcu\makcu_vendor\serialport.cpp">
      <Filter>Hardware</Filter>
    </ClCompile>
    <ClCompile Include="Input\Controller.cpp">
      <Filter>Input</Filter>
    </ClCompile>
    <ClCompile Include="Input\DmaGamepad.cpp">
      <Filter>Input</Filter>
    </ClCompile>
    <ClCompile Include="Input\InputBind.cpp">
      <Filter>Input</Filter>
    </ClCompile>
    <ClCompile Include="Input\KeyBind.cpp">
      <Filter>Input</Filter>
    </ClCompile>
    <ClCompile Include="Interface\Overlay\ImGuiKeybind.cpp">
      <Filter>Interface</Filter>
    </ClCompile>
    <ClCompile Include="Interface\Overlay\MenuAssets.cpp">
      <Filter>Interface</Filter>
    </ClCompile>
    <ClCompile Include="Interface\Overlay\MenuLayout.cpp">
      <Filter>Interface</Filter>
    </ClCompile>
    <ClCompile Include="Interface\Overlay\MenuSidebar.cpp">
      <Filter>Interface</Filter>
    </ClCompile>
    <ClCompile Include="Interface\Render.cpp">
      <Filter>Interface</Filter>
    </ClCompile>
    <ClCompile Include="Interface\Utils\AutoConfig.cpp">
      <Filter>Interface</Filter>
    </ClCompile>
    <ClCompile Include="Interface\Utils\Variables\index.cpp">
      <Filter>Interface</Filter>
    </ClCompile>
    <ClCompile Include="Interface\Utils\Visuals\visuals.cpp">
      <Filter>Interface</Filter>
    </ClCompile>
    <ClCompile Include="ThirdParty\ImGui\imgui.cpp">
      <Filter>ThirdParty\ImGui</Filter>
    </ClCompile>
    <ClCompile Include="ThirdParty\ImGui\imgui_demo.cpp">
      <Filter>ThirdParty\ImGui</Filter>
      <ExcludedFromBuild Condition="'$(Configuration)|$(Platform)'=='Release|x64'">true</ExcludedFromBuild>
    </ClCompile>
    <ClCompile Include="ThirdParty\ImGui\imgui_draw.cpp">
      <Filter>ThirdParty\ImGui</Filter>
    </ClCompile>
    <ClCompile Include="ThirdParty\ImGui\imgui_impl_dx11.cpp">
      <Filter>ThirdParty\ImGui</Filter>
    </ClCompile>
    <ClCompile Include="ThirdParty\ImGui\imgui_impl_win32.cpp">
      <Filter>ThirdParty\ImGui</Filter>
    </ClCompile>
    <ClCompile Include="ThirdParty\ImGui\imgui_tables.cpp">
      <Filter>ThirdParty\ImGui</Filter>
    </ClCompile>
    <ClCompile Include="ThirdParty\ImGui\imgui_widgets.cpp">
      <Filter>ThirdParty\ImGui</Filter>
    </ClCompile>
  </ItemGroup>
  <ItemGroup>
    <ClInclude Include="Core\Cache.hpp">
      <Filter>Core</Filter>
    </ClInclude>
    <ClInclude Include="Core\Engine.h">
      <Filter>Core</Filter>
    </ClInclude>
    <ClInclude Include="Core\Memory.h">
      <Filter>Core</Filter>
    </ClInclude>
    <ClInclude Include="Core\Offsets.h">
      <Filter>Core</Filter>
    </ClInclude>
    <ClInclude Include="Core\Vector.hpp">
      <Filter>Core</Filter>
    </ClInclude>
    <ClInclude Include="DMA\Memory.h">
      <Filter>DMA</Filter>
    </ClInclude>
    <ClInclude Include="Dumper\Dumper.h">
      <Filter>Dumper</Filter>
    </ClInclude>
    <ClInclude Include="Dumper\DumperPaths.h">
      <Filter>Dumper</Filter>
    </ClInclude>
    <ClInclude Include="Dumper\DumperState.h">
      <Filter>Dumper</Filter>
    </ClInclude>
    <ClInclude Include="Dumper\DumperWorker.h">
      <Filter>Dumper</Filter>
    </ClInclude>
    <ClInclude Include="Dumper\FNameDiscovery.h">
      <Filter>Dumper</Filter>
    </ClInclude>
    <ClInclude Include="Dumper\GlobalDiscovery.h">
      <Filter>Dumper</Filter>
    </ClInclude>
    <ClInclude Include="Dumper\ModuleImageCache.h">
      <Filter>Dumper</Filter>
    </ClInclude>
    <ClInclude Include="Dumper\SdkDumper.h">
      <Filter>Dumper</Filter>
    </ClInclude>
    <ClInclude Include="Dumper\SigScanner.h">
      <Filter>Dumper</Filter>
    </ClInclude>
    <ClInclude Include="Hardware\HidTable.hpp">
      <Filter>Hardware</Filter>
    </ClInclude>
    <ClInclude Include="Hardware\KmBox.h">
      <Filter>Hardware</Filter>
    </ClInclude>
    <ClInclude Include="Hardware\KmboxNet.hpp">
      <Filter>Hardware</Filter>
    </ClInclude>
    <ClInclude Include="Hardware\Makcu\MyMakcu.h">
      <Filter>Hardware</Filter>
    </ClInclude>
    <ClInclude Include="Hardware\Makcu\makcu_vendor\makcu.h">
      <Filter>Hardware</Filter>
    </ClInclude>
    <ClInclude Include="Hardware\Makcu\makcu_vendor\serialport.h">
      <Filter>Hardware</Filter>
    </ClInclude>
    <ClInclude Include="Input\Controller.h">
      <Filter>Input</Filter>
    </ClInclude>
    <ClInclude Include="Input\DmaGamepad.h">
      <Filter>Input</Filter>
    </ClInclude>
    <ClInclude Include="Input\KeyBind.h">
      <Filter>Input</Filter>
    </ClInclude>
    <ClInclude Include="Interface\Overlay\Menu.h">
      <Filter>Interface</Filter>
    </ClInclude>
    <ClInclude Include="Interface\Overlay\MenuTheme.h">
      <Filter>Interface</Filter>
    </ClInclude>
    <ClInclude Include="Interface\Render.h">
      <Filter>Interface</Filter>
    </ClInclude>
    <ClInclude Include="Interface\Utils\AutoConfig.h">
      <Filter>Interface</Filter>
    </ClInclude>
    <ClInclude Include="Interface\Utils\Variables\index.h">
      <Filter>Interface</Filter>
    </ClInclude>
    <ClInclude Include="Interface\Utils\Visuals\visuals.hpp">
      <Filter>Interface</Filter>
    </ClInclude>
    <ClInclude Include="ThirdParty\ImGui\imconfig.h">
      <Filter>ThirdParty\ImGui</Filter>
    </ClInclude>
    <ClInclude Include="ThirdParty\ImGui\imgui.h">
      <Filter>ThirdParty\ImGui</Filter>
    </ClInclude>
    <ClInclude Include="ThirdParty\ImGui\imgui_impl_dx11.h">
      <Filter>ThirdParty\ImGui</Filter>
    </ClInclude>
    <ClInclude Include="ThirdParty\ImGui\imgui_impl_win32.h">
      <Filter>ThirdParty\ImGui</Filter>
    </ClInclude>
    <ClInclude Include="ThirdParty\ImGui\imgui_internal.h">
      <Filter>ThirdParty\ImGui</Filter>
    </ClInclude>
    <ClInclude Include="ThirdParty\ImGui\imstb_rectpack.h">
      <Filter>ThirdParty\ImGui</Filter>
    </ClInclude>
    <ClInclude Include="ThirdParty\ImGui\imstb_textedit.h">
      <Filter>ThirdParty\ImGui</Filter>
    </ClInclude>
    <ClInclude Include="ThirdParty\ImGui\imstb_truetype.h">
      <Filter>ThirdParty\ImGui</Filter>
    </ClInclude>
  </ItemGroup>
</Project>
